PODS:
  - HRLAlgorithms (1.0.1)
  - HRLClassifier (3.0.1):
    - HRLAlgorithms (~> 1.0)

DEPENDENCIES:
  - HRLClassifier (~> 3.0)

SPEC CHECKSUMS:
  HRLAlgorithms: 4b768da558f2ce4c0edb561fed1bd9e20d9134dc
  HRLClassifier: 44e85923f9a8c944d0296dd9871df0cfd98f5913

PODFILE CHECKSUM: 4f04a1756723331a23fd752f486848fa72948bae

COCOAPODS: 1.1.1
