// !$*UTF8*$!
{
	archiveVersion = 1;
	classes = {
	};
	objectVersion = 46;
	objects = {

/* Begin PBXBuildFile section */
		012CEFC7181AC96E537F94D6 /* ListWorkoutsModuleInput.swift in Sources */ = {isa = PBXBuildFile; fileRef = C34DAD93C05175F1A57F8BFA /* ListWorkoutsModuleInput.swift */; };
		0AF16C3F67B7E998905AADC6 /* Pods_HRLAppTests.framework in Frameworks */ = {isa = PBXBuildFile; fileRef = A9DE7918A4F0A992FF46E35F /* Pods_HRLAppTests.framework */; };
		0B8D6625C75D78F9AA3FABA1 /* ListWorkoutsInteractorOutput.swift in Sources */ = {isa = PBXBuildFile; fileRef = A2E602D6F320AA049B1B66FA /* ListWorkoutsInteractorOutput.swift */; };
		16593AC0B342A02229F59883 /* ListWorkoutsInteractor.swift in Sources */ = {isa = PBXBuildFile; fileRef = 25FFA2A10FA5E866D6F10465 /* ListWorkoutsInteractor.swift */; };
		19264766F6270C84372C119D /* ListWorkoutsInteractorInput.swift in Sources */ = {isa = PBXBuildFile; fileRef = 6422B3F15E6750693515031B /* ListWorkoutsInteractorInput.swift */; };
		381ACD079EF09F797A08E187 /* ListWorkoutsRouterInput.swift in Sources */ = {isa = PBXBuildFile; fileRef = C31B1F99FEF9C3C865D08B7C /* ListWorkoutsRouterInput.swift */; };
		41289722AE30C4F4D0E2C98B /* ListWorkoutsRouterTests.swift in Sources */ = {isa = PBXBuildFile; fileRef = 5FF58B161E477BF801A6B58B /* ListWorkoutsRouterTests.swift */; };
		447667A7BCD286D8AC62B656 /* ListWorkoutsPresenter.swift in Sources */ = {isa = PBXBuildFile; fileRef = 0BB037D7DBC2812E12131E96 /* ListWorkoutsPresenter.swift */; };
		4A3AE65F820FEEDE328DA4D9 /* ListWorkoutsInteractorTests.swift in Sources */ = {isa = PBXBuildFile; fileRef = CD0A71BD0E1682A9F68624DD /* ListWorkoutsInteractorTests.swift */; };
		4F9D0775D01F45AB46C7E698 /* ListWorkoutsViewTests.swift in Sources */ = {isa = PBXBuildFile; fileRef = A94E3B91F246A52E28145721 /* ListWorkoutsViewTests.swift */; };
		57F1B955F0E4F235D8689C88 /* ListWorkoutsViewOutput.swift in Sources */ = {isa = PBXBuildFile; fileRef = C702A16EFC7C08357505E6E3 /* ListWorkoutsViewOutput.swift */; };
		760B56470909923350AE2981 /* ListWorkoutsRouter.swift in Sources */ = {isa = PBXBuildFile; fileRef = 5A02999EFCDF2AE5213F9C32 /* ListWorkoutsRouter.swift */; };
		8C1D9530ADB5D8E69562AA44 /* ListWorkoutsViewController.swift in Sources */ = {isa = PBXBuildFile; fileRef = BF256BC1FE2C552B0891E089 /* ListWorkoutsViewController.swift */; };
		9B4A4A7AA14C75C146A39E24 /* ListWorkoutsConfiguratorTests.swift in Sources */ = {isa = PBXBuildFile; fileRef = A2765CAADE82E4F9DB76EC16 /* ListWorkoutsConfiguratorTests.swift */; };
		9D17B91ED38CC2BD41EE396C /* ListWorkoutsConfigurator.swift in Sources */ = {isa = PBXBuildFile; fileRef = 03CF59FFFA22B61F7C26B019 /* ListWorkoutsConfigurator.swift */; };
		ACFAC34686348218CC846B29 /* ListWorkoutsInitializer.swift in Sources */ = {isa = PBXBuildFile; fileRef = B23B9E41FB8276BF1C7A20A3 /* ListWorkoutsInitializer.swift */; };
		CBAC8CB79D25866019E35FB7 /* Pods_HRLApp.framework in Frameworks */ = {isa = PBXBuildFile; fileRef = D8AB0591D95BBCCB727D0E1B /* Pods_HRLApp.framework */; };
		D4A804E9DE4CA6F70B3EE600 /* ListWorkoutsViewInput.swift in Sources */ = {isa = PBXBuildFile; fileRef = BDB0C6B88D415359700E8BC8 /* ListWorkoutsViewInput.swift */; };
		E0A71D7AFEC37CDBDF9CA856 /* ListWorkoutsPresenterTests.swift in Sources */ = {isa = PBXBuildFile; fileRef = F474F96C56408F7016B4B9C7 /* ListWorkoutsPresenterTests.swift */; };
		FF9ADDC41E2BD535007F1187 /* AppDelegate.swift in Sources */ = {isa = PBXBuildFile; fileRef = FF9ADDC31E2BD535007F1187 /* AppDelegate.swift */; };
		FF9ADDC61E2BD535007F1187 /* ViewController.swift in Sources */ = {isa = PBXBuildFile; fileRef = FF9ADDC51E2BD535007F1187 /* ViewController.swift */; };
		FF9ADDC91E2BD535007F1187 /* Main.storyboard in Resources */ = {isa = PBXBuildFile; fileRef = FF9ADDC71E2BD535007F1187 /* Main.storyboard */; };
		FF9ADDCB1E2BD535007F1187 /* Assets.xcassets in Resources */ = {isa = PBXBuildFile; fileRef = FF9ADDCA1E2BD535007F1187 /* Assets.xcassets */; };
		FF9ADDCE1E2BD535007F1187 /* LaunchScreen.storyboard in Resources */ = {isa = PBXBuildFile; fileRef = FF9ADDCC1E2BD535007F1187 /* LaunchScreen.storyboard */; };
/* End PBXBuildFile section */

/* Begin PBXContainerItemProxy section */
		FF9ADDD51E2BD535007F1187 /* PBXContainerItemProxy */ = {
			isa = PBXContainerItemProxy;
			containerPortal = FF9ADDB81E2BD534007F1187 /* Project object */;
			proxyType = 1;
			remoteGlobalIDString = FF9ADDBF1E2BD534007F1187;
			remoteInfo = HRLApp;
		};
/* End PBXContainerItemProxy section */

/* Begin PBXFileReference section */
		03CF59FFFA22B61F7C26B019 /* ListWorkoutsConfigurator.swift */ = {isa = PBXFileReference; includeInIndex = 1; lastKnownFileType = sourcecode.swift; path = ListWorkoutsConfigurator.swift; sourceTree = "<group>"; };
		0BB037D7DBC2812E12131E96 /* ListWorkoutsPresenter.swift */ = {isa = PBXFileReference; includeInIndex = 1; lastKnownFileType = sourcecode.swift; path = ListWorkoutsPresenter.swift; sourceTree = "<group>"; };
		25FFA2A10FA5E866D6F10465 /* ListWorkoutsInteractor.swift */ = {isa = PBXFileReference; includeInIndex = 1; lastKnownFileType = sourcecode.swift; path = ListWorkoutsInteractor.swift; sourceTree = "<group>"; };
		5A02999EFCDF2AE5213F9C32 /* ListWorkoutsRouter.swift */ = {isa = PBXFileReference; includeInIndex = 1; lastKnownFileType = sourcecode.swift; path = ListWorkoutsRouter.swift; sourceTree = "<group>"; };
		5FF58B161E477BF801A6B58B /* ListWorkoutsRouterTests.swift */ = {isa = PBXFileReference; includeInIndex = 1; lastKnownFileType = sourcecode.swift; path = ListWorkoutsRouterTests.swift; sourceTree = "<group>"; };
		6422B3F15E6750693515031B /* ListWorkoutsInteractorInput.swift */ = {isa = PBXFileReference; includeInIndex = 1; lastKnownFileType = sourcecode.swift; path = ListWorkoutsInteractorInput.swift; sourceTree = "<group>"; };
		97217BD64C91A9A4A807447F /* Pods-HRLAppTests.debug.xcconfig */ = {isa = PBXFileReference; includeInIndex = 1; lastKnownFileType = text.xcconfig; name = "Pods-HRLAppTests.debug.xcconfig"; path = "Pods/Target Support Files/Pods-HRLAppTests/Pods-HRLAppTests.debug.xcconfig"; sourceTree = "<group>"; };
		9B2C2201815C32E0F716AD5A /* Pods-HRLAppTests.release.xcconfig */ = {isa = PBXFileReference; includeInIndex = 1; lastKnownFileType = text.xcconfig; name = "Pods-HRLAppTests.release.xcconfig"; path = "Pods/Target Support Files/Pods-HRLAppTests/Pods-HRLAppTests.release.xcconfig"; sourceTree = "<group>"; };
		A2765CAADE82E4F9DB76EC16 /* ListWorkoutsConfiguratorTests.swift */ = {isa = PBXFileReference; includeInIndex = 1; lastKnownFileType = sourcecode.swift; path = ListWorkoutsConfiguratorTests.swift; sourceTree = "<group>"; };
		A2E602D6F320AA049B1B66FA /* ListWorkoutsInteractorOutput.swift */ = {isa = PBXFileReference; includeInIndex = 1; lastKnownFileType = sourcecode.swift; path = ListWorkoutsInteractorOutput.swift; sourceTree = "<group>"; };
		A52A3518DBBD784E21CECA22 /* Pods-HRLApp.release.xcconfig */ = {isa = PBXFileReference; includeInIndex = 1; lastKnownFileType = text.xcconfig; name = "Pods-HRLApp.release.xcconfig"; path = "Pods/Target Support Files/Pods-HRLApp/Pods-HRLApp.release.xcconfig"; sourceTree = "<group>"; };
		A94E3B91F246A52E28145721 /* ListWorkoutsViewTests.swift */ = {isa = PBXFileReference; includeInIndex = 1; lastKnownFileType = sourcecode.swift; path = ListWorkoutsViewTests.swift; sourceTree = "<group>"; };
		A9DE7918A4F0A992FF46E35F /* Pods_HRLAppTests.framework */ = {isa = PBXFileReference; explicitFileType = wrapper.framework; includeInIndex = 0; path = Pods_HRLAppTests.framework; sourceTree = BUILT_PRODUCTS_DIR; };
		B23B9E41FB8276BF1C7A20A3 /* ListWorkoutsInitializer.swift */ = {isa = PBXFileReference; includeInIndex = 1; lastKnownFileType = sourcecode.swift; path = ListWorkoutsInitializer.swift; sourceTree = "<group>"; };
		BDB0C6B88D415359700E8BC8 /* ListWorkoutsViewInput.swift */ = {isa = PBXFileReference; includeInIndex = 1; lastKnownFileType = sourcecode.swift; path = ListWorkoutsViewInput.swift; sourceTree = "<group>"; };
		BF256BC1FE2C552B0891E089 /* ListWorkoutsViewController.swift */ = {isa = PBXFileReference; includeInIndex = 1; lastKnownFileType = sourcecode.swift; path = ListWorkoutsViewController.swift; sourceTree = "<group>"; };
		C31B1F99FEF9C3C865D08B7C /* ListWorkoutsRouterInput.swift */ = {isa = PBXFileReference; includeInIndex = 1; lastKnownFileType = sourcecode.swift; path = ListWorkoutsRouterInput.swift; sourceTree = "<group>"; };
		C34DAD93C05175F1A57F8BFA /* ListWorkoutsModuleInput.swift */ = {isa = PBXFileReference; includeInIndex = 1; lastKnownFileType = sourcecode.swift; path = ListWorkoutsModuleInput.swift; sourceTree = "<group>"; };
		C702A16EFC7C08357505E6E3 /* ListWorkoutsViewOutput.swift */ = {isa = PBXFileReference; includeInIndex = 1; lastKnownFileType = sourcecode.swift; path = ListWorkoutsViewOutput.swift; sourceTree = "<group>"; };
		CD0A71BD0E1682A9F68624DD /* ListWorkoutsInteractorTests.swift */ = {isa = PBXFileReference; includeInIndex = 1; lastKnownFileType = sourcecode.swift; path = ListWorkoutsInteractorTests.swift; sourceTree = "<group>"; };
		D8AB0591D95BBCCB727D0E1B /* Pods_HRLApp.framework */ = {isa = PBXFileReference; explicitFileType = wrapper.framework; includeInIndex = 0; path = Pods_HRLApp.framework; sourceTree = BUILT_PRODUCTS_DIR; };
		DBB035AD3807CFA509ADE459 /* Pods-HRLApp.debug.xcconfig */ = {isa = PBXFileReference; includeInIndex = 1; lastKnownFileType = text.xcconfig; name = "Pods-HRLApp.debug.xcconfig"; path = "Pods/Target Support Files/Pods-HRLApp/Pods-HRLApp.debug.xcconfig"; sourceTree = "<group>"; };
		F474F96C56408F7016B4B9C7 /* ListWorkoutsPresenterTests.swift */ = {isa = PBXFileReference; includeInIndex = 1; lastKnownFileType = sourcecode.swift; path = ListWorkoutsPresenterTests.swift; sourceTree = "<group>"; };
		FF9ADDC01E2BD535007F1187 /* HRLApp.app */ = {isa = PBXFileReference; explicitFileType = wrapper.application; includeInIndex = 0; path = HRLApp.app; sourceTree = BUILT_PRODUCTS_DIR; };
		FF9ADDC31E2BD535007F1187 /* AppDelegate.swift */ = {isa = PBXFileReference; lastKnownFileType = sourcecode.swift; path = AppDelegate.swift; sourceTree = "<group>"; };
		FF9ADDC51E2BD535007F1187 /* ViewController.swift */ = {isa = PBXFileReference; lastKnownFileType = sourcecode.swift; path = ViewController.swift; sourceTree = "<group>"; };
		FF9ADDC81E2BD535007F1187 /* Base */ = {isa = PBXFileReference; lastKnownFileType = file.storyboard; name = Base; path = Base.lproj/Main.storyboard; sourceTree = "<group>"; };
		FF9ADDCA1E2BD535007F1187 /* Assets.xcassets */ = {isa = PBXFileReference; lastKnownFileType = folder.assetcatalog; path = Assets.xcassets; sourceTree = "<group>"; };
		FF9ADDCD1E2BD535007F1187 /* Base */ = {isa = PBXFileReference; lastKnownFileType = file.storyboard; name = Base; path = Base.lproj/LaunchScreen.storyboard; sourceTree = "<group>"; };
		FF9ADDCF1E2BD535007F1187 /* Info.plist */ = {isa = PBXFileReference; lastKnownFileType = text.plist.xml; path = Info.plist; sourceTree = "<group>"; };
		FF9ADDD41E2BD535007F1187 /* HRLAppTests.xctest */ = {isa = PBXFileReference; explicitFileType = wrapper.cfbundle; includeInIndex = 0; path = HRLAppTests.xctest; sourceTree = BUILT_PRODUCTS_DIR; };
		FF9ADDDA1E2BD535007F1187 /* Info.plist */ = {isa = PBXFileReference; lastKnownFileType = text.plist.xml; path = Info.plist; sourceTree = "<group>"; };
/* End PBXFileReference section */

/* Begin PBXFrameworksBuildPhase section */
		FF9ADDBD1E2BD534007F1187 /* Frameworks */ = {
			isa = PBXFrameworksBuildPhase;
			buildActionMask = 2147483647;
			files = (
				CBAC8CB79D25866019E35FB7 /* Pods_HRLApp.framework in Frameworks */,
			);
			runOnlyForDeploymentPostprocessing = 0;
		};
		FF9ADDD11E2BD535007F1187 /* Frameworks */ = {
			isa = PBXFrameworksBuildPhase;
			buildActionMask = 2147483647;
			files = (
				0AF16C3F67B7E998905AADC6 /* Pods_HRLAppTests.framework in Frameworks */,
			);
			runOnlyForDeploymentPostprocessing = 0;
		};
/* End PBXFrameworksBuildPhase section */

/* Begin PBXGroup section */
		12697A830D371CE0A22D8047 /* Router */ = {
			isa = PBXGroup;
			children = (
				5FF58B161E477BF801A6B58B /* ListWorkoutsRouterTests.swift */,
			);
			path = Router;
			sourceTree = "<group>";
		};
		40A49C8631797C40759C8AB3 /* Interactor */ = {
			isa = PBXGroup;
			children = (
				25FFA2A10FA5E866D6F10465 /* ListWorkoutsInteractor.swift */,
				6422B3F15E6750693515031B /* ListWorkoutsInteractorInput.swift */,
				A2E602D6F320AA049B1B66FA /* ListWorkoutsInteractorOutput.swift */,
			);
			path = Interactor;
			sourceTree = "<group>";
		};
		4B27B87E2422C427BAA745ED /* View */ = {
			isa = PBXGroup;
			children = (
				BF256BC1FE2C552B0891E089 /* ListWorkoutsViewController.swift */,
				BDB0C6B88D415359700E8BC8 /* ListWorkoutsViewInput.swift */,
				C702A16EFC7C08357505E6E3 /* ListWorkoutsViewOutput.swift */,
			);
			path = View;
			sourceTree = "<group>";
		};
		5641AF6EF7CCD0FF4D5E99F9 /* Presenter */ = {
			isa = PBXGroup;
			children = (
				C34DAD93C05175F1A57F8BFA /* ListWorkoutsModuleInput.swift */,
				0BB037D7DBC2812E12131E96 /* ListWorkoutsPresenter.swift */,
			);
			path = Presenter;
			sourceTree = "<group>";
		};
		568E42F0769F5C3CFC1856AD /* Frameworks */ = {
			isa = PBXGroup;
			children = (
				D8AB0591D95BBCCB727D0E1B /* Pods_HRLApp.framework */,
				A9DE7918A4F0A992FF46E35F /* Pods_HRLAppTests.framework */,
			);
			name = Frameworks;
			sourceTree = "<group>";
		};
		6186EEAA88E25720F0924A2A /* Modules */ = {
			isa = PBXGroup;
			children = (
				849BDDC3BF07471A08C4C059 /* ListWorkouts */,
			);
			path = Modules;
			sourceTree = "<group>";
		};
		62C39B4F86C1DEC1E488D153 /* Modules */ = {
			isa = PBXGroup;
			children = (
				820F9013145F011C718F358C /* ListWorkouts */,
			);
			path = Modules;
			sourceTree = "<group>";
		};
		749554386121EAD6ECA2887B /* Interactor */ = {
			isa = PBXGroup;
			children = (
				CD0A71BD0E1682A9F68624DD /* ListWorkoutsInteractorTests.swift */,
			);
			path = Interactor;
			sourceTree = "<group>";
		};
		79745C6CEED7150FD0DD70DF /* Presenter */ = {
			isa = PBXGroup;
			children = (
				F474F96C56408F7016B4B9C7 /* ListWorkoutsPresenterTests.swift */,
			);
			path = Presenter;
			sourceTree = "<group>";
		};
		820F9013145F011C718F358C /* ListWorkouts */ = {
			isa = PBXGroup;
			children = (
				F9B02F6969EDC2956945DF27 /* Configurator */,
				40A49C8631797C40759C8AB3 /* Interactor */,
				5641AF6EF7CCD0FF4D5E99F9 /* Presenter */,
				B350D51929F16E4144C070FB /* Router */,
				4B27B87E2422C427BAA745ED /* View */,
			);
			path = ListWorkouts;
			sourceTree = "<group>";
		};
		849BDDC3BF07471A08C4C059 /* ListWorkouts */ = {
			isa = PBXGroup;
			children = (
				D5DF9DDCD8650F11BCE27776 /* Configurator */,
				749554386121EAD6ECA2887B /* Interactor */,
				79745C6CEED7150FD0DD70DF /* Presenter */,
				12697A830D371CE0A22D8047 /* Router */,
				FA37E830A7B4E646ACFADA7B /* View */,
			);
			path = ListWorkouts;
			sourceTree = "<group>";
		};
		B350D51929F16E4144C070FB /* Router */ = {
			isa = PBXGroup;
			children = (
				5A02999EFCDF2AE5213F9C32 /* ListWorkoutsRouter.swift */,
				C31B1F99FEF9C3C865D08B7C /* ListWorkoutsRouterInput.swift */,
			);
			path = Router;
			sourceTree = "<group>";
		};
		D098C1734E6BE1DC064E6490 /* Pods */ = {
			isa = PBXGroup;
			children = (
				DBB035AD3807CFA509ADE459 /* Pods-HRLApp.debug.xcconfig */,
				A52A3518DBBD784E21CECA22 /* Pods-HRLApp.release.xcconfig */,
				97217BD64C91A9A4A807447F /* Pods-HRLAppTests.debug.xcconfig */,
				9B2C2201815C32E0F716AD5A /* Pods-HRLAppTests.release.xcconfig */,
			);
			name = Pods;
			sourceTree = "<group>";
		};
		D5DF9DDCD8650F11BCE27776 /* Configurator */ = {
			isa = PBXGroup;
			children = (
				A2765CAADE82E4F9DB76EC16 /* ListWorkoutsConfiguratorTests.swift */,
			);
			path = Configurator;
			sourceTree = "<group>";
		};
		F9B02F6969EDC2956945DF27 /* Configurator */ = {
			isa = PBXGroup;
			children = (
				03CF59FFFA22B61F7C26B019 /* ListWorkoutsConfigurator.swift */,
				B23B9E41FB8276BF1C7A20A3 /* ListWorkoutsInitializer.swift */,
			);
			path = Configurator;
			sourceTree = "<group>";
		};
		FA37E830A7B4E646ACFADA7B /* View */ = {
			isa = PBXGroup;
			children = (
				A94E3B91F246A52E28145721 /* ListWorkoutsViewTests.swift */,
			);
			path = View;
			sourceTree = "<group>";
		};
		FF9ADDB71E2BD534007F1187 = {
			isa = PBXGroup;
			children = (
				FF9ADDC21E2BD535007F1187 /* HRLApp */,
				FF9ADDD71E2BD535007F1187 /* HRLAppTests */,
				FF9ADDC11E2BD535007F1187 /* Products */,
				D098C1734E6BE1DC064E6490 /* Pods */,
				568E42F0769F5C3CFC1856AD /* Frameworks */,
			);
			sourceTree = "<group>";
		};
		FF9ADDC11E2BD535007F1187 /* Products */ = {
			isa = PBXGroup;
			children = (
				FF9ADDC01E2BD535007F1187 /* HRLApp.app */,
				FF9ADDD41E2BD535007F1187 /* HRLAppTests.xctest */,
			);
			name = Products;
			sourceTree = "<group>";
		};
		FF9ADDC21E2BD535007F1187 /* HRLApp */ = {
			isa = PBXGroup;
			children = (
				62C39B4F86C1DEC1E488D153 /* Modules */,
				FF9ADDC31E2BD535007F1187 /* AppDelegate.swift */,
				FF9ADDC51E2BD535007F1187 /* ViewController.swift */,
				FF9ADDCC1E2BD535007F1187 /* LaunchScreen.storyboard */,
				FF9ADDC71E2BD535007F1187 /* Main.storyboard */,
				FF9ADDCA1E2BD535007F1187 /* Assets.xcassets */,
				FF9ADDCF1E2BD535007F1187 /* Info.plist */,
			);
			path = HRLApp;
			sourceTree = "<group>";
		};
		FF9ADDD71E2BD535007F1187 /* HRLAppTests */ = {
			isa = PBXGroup;
			children = (
				6186EEAA88E25720F0924A2A /* Modules */,
				FF9ADDDA1E2BD535007F1187 /* Info.plist */,
			);
			path = HRLAppTests;
			sourceTree = "<group>";
		};
/* End PBXGroup section */

/* Begin PBXNativeTarget section */
		FF9ADDBF1E2BD534007F1187 /* HRLApp */ = {
			isa = PBXNativeTarget;
			buildConfigurationList = FF9ADDDD1E2BD535007F1187 /* Build configuration list for PBXNativeTarget "HRLApp" */;
			buildPhases = (
				339AE1C31695E11F5DC8516B /* [CP] Check Pods Manifest.lock */,
				FF9ADDBC1E2BD534007F1187 /* Sources */,
				FF9ADDBD1E2BD534007F1187 /* Frameworks */,
				FF9ADDBE1E2BD534007F1187 /* Resources */,
				DF8C6BB83DAF9089535690CF /* [CP] Embed Pods Frameworks */,
				3A5ABB4F92444F821E1FF1AC /* [CP] Copy Pods Resources */,
			);
			buildRules = (
			);
			dependencies = (
			);
			name = HRLApp;
			productName = HRLApp;
			productReference = FF9ADDC01E2BD535007F1187 /* HRLApp.app */;
			productType = "com.apple.product-type.application";
		};
		FF9ADDD31E2BD535007F1187 /* HRLAppTests */ = {
			isa = PBXNativeTarget;
			buildConfigurationList = FF9ADDE01E2BD535007F1187 /* Build configuration list for PBXNativeTarget "HRLAppTests" */;
			buildPhases = (
				D24F39159ECBCE33F25E0BBF /* [CP] Check Pods Manifest.lock */,
				FF9ADDD01E2BD535007F1187 /* Sources */,
				FF9ADDD11E2BD535007F1187 /* Frameworks */,
				FF9ADDD21E2BD535007F1187 /* Resources */,
				E6C9354BC72E7A8EE1A39598 /* [CP] Embed Pods Frameworks */,
				C676B3C7E5689D97A92D5419 /* [CP] Copy Pods Resources */,
			);
			buildRules = (
			);
			dependencies = (
				FF9ADDD61E2BD535007F1187 /* PBXTargetDependency */,
			);
			name = HRLAppTests;
			productName = HRLAppTests;
			productReference = FF9ADDD41E2BD535007F1187 /* HRLAppTests.xctest */;
			productType = "com.apple.product-type.bundle.unit-test";
		};
/* End PBXNativeTarget section */

/* Begin PBXProject section */
		FF9ADDB81E2BD534007F1187 /* Project object */ = {
			isa = PBXProject;
			attributes = {
				LastSwiftUpdateCheck = 0820;
				LastUpgradeCheck = 0820;
				ORGANIZATIONNAME = "Enrique de la Torre";
				TargetAttributes = {
					FF9ADDBF1E2BD534007F1187 = {
						CreatedOnToolsVersion = 8.2.1;
						ProvisioningStyle = Automatic;
					};
					FF9ADDD31E2BD535007F1187 = {
						CreatedOnToolsVersion = 8.2.1;
						ProvisioningStyle = Automatic;
						TestTargetID = FF9ADDBF1E2BD534007F1187;
					};
				};
			};
			buildConfigurationList = FF9ADDBB1E2BD534007F1187 /* Build configuration list for PBXProject "HRLApp" */;
			compatibilityVersion = "Xcode 3.2";
			developmentRegion = English;
			hasScannedForEncodings = 0;
			knownRegions = (
				en,
				Base,
			);
			mainGroup = FF9ADDB71E2BD534007F1187;
			productRefGroup = FF9ADDC11E2BD535007F1187 /* Products */;
			projectDirPath = "";
			projectRoot = "";
			targets = (
				FF9ADDBF1E2BD534007F1187 /* HRLApp */,
				FF9ADDD31E2BD535007F1187 /* HRLAppTests */,
			);
		};
/* End PBXProject section */

/* Begin PBXResourcesBuildPhase section */
		FF9ADDBE1E2BD534007F1187 /* Resources */ = {
			isa = PBXResourcesBuildPhase;
			buildActionMask = 2147483647;
			files = (
				FF9ADDCE1E2BD535007F1187 /* LaunchScreen.storyboard in Resources */,
				FF9ADDCB1E2BD535007F1187 /* Assets.xcassets in Resources */,
				FF9ADDC91E2BD535007F1187 /* Main.storyboard in Resources */,
			);
			runOnlyForDeploymentPostprocessing = 0;
		};
		FF9ADDD21E2BD535007F1187 /* Resources */ = {
			isa = PBXResourcesBuildPhase;
			buildActionMask = 2147483647;
			files = (
			);
			runOnlyForDeploymentPostprocessing = 0;
		};
/* End PBXResourcesBuildPhase section */

/* Begin PBXShellScriptBuildPhase section */
		339AE1C31695E11F5DC8516B /* [CP] Check Pods Manifest.lock */ = {
			isa = PBXShellScriptBuildPhase;
			buildActionMask = 2147483647;
			files = (
			);
			inputPaths = (
			);
			name = "[CP] Check Pods Manifest.lock";
			outputPaths = (
			);
			runOnlyForDeploymentPostprocessing = 0;
			shellPath = /bin/sh;
			shellScript = "diff \"${PODS_ROOT}/../Podfile.lock\" \"${PODS_ROOT}/Manifest.lock\" > /dev/null\nif [ $? != 0 ] ; then\n    # print error to STDERR\n    echo \"error: The sandbox is not in sync with the Podfile.lock. Run 'pod install' or update your CocoaPods installation.\" >&2\n    exit 1\nfi\n";
			showEnvVarsInLog = 0;
		};
		3A5ABB4F92444F821E1FF1AC /* [CP] Copy Pods Resources */ = {
			isa = PBXShellScriptBuildPhase;
			buildActionMask = 2147483647;
			files = (
			);
			inputPaths = (
			);
			name = "[CP] Copy Pods Resources";
			outputPaths = (
			);
			runOnlyForDeploymentPostprocessing = 0;
			shellPath = /bin/sh;
			shellScript = "\"${SRCROOT}/Pods/Target Support Files/Pods-HRLApp/Pods-HRLApp-resources.sh\"\n";
			showEnvVarsInLog = 0;
		};
		C676B3C7E5689D97A92D5419 /* [CP] Copy Pods Resources */ = {
			isa = PBXShellScriptBuildPhase;
			buildActionMask = 2147483647;
			files = (
			);
			inputPaths = (
			);
			name = "[CP] Copy Pods Resources";
			outputPaths = (
			);
			runOnlyForDeploymentPostprocessing = 0;
			shellPath = /bin/sh;
			shellScript = "\"${SRCROOT}/Pods/Target Support Files/Pods-HRLAppTests/Pods-HRLAppTests-resources.sh\"\n";
			showEnvVarsInLog = 0;
		};
		D24F39159ECBCE33F25E0BBF /* [CP] Check Pods Manifest.lock */ = {
			isa = PBXShellScriptBuildPhase;
			buildActionMask = 2147483647;
			files = (
			);
			inputPaths = (
			);
			name = "[CP] Check Pods Manifest.lock";
			outputPaths = (
			);
			runOnlyForDeploymentPostprocessing = 0;
			shellPath = /bin/sh;
			shellScript = "diff \"${PODS_ROOT}/../Podfile.lock\" \"${PODS_ROOT}/Manifest.lock\" > /dev/null\nif [ $? != 0 ] ; then\n    # print error to STDERR\n    echo \"error: The sandbox is not in sync with the Podfile.lock. Run 'pod install' or update your CocoaPods installation.\" >&2\n    exit 1\nfi\n";
			showEnvVarsInLog = 0;
		};
		DF8C6BB83DAF9089535690CF /* [CP] Embed Pods Frameworks */ = {
			isa = PBXShellScriptBuildPhase;
			buildActionMask = 2147483647;
			files = (
			);
			inputPaths = (
			);
			name = "[CP] Embed Pods Frameworks";
			outputPaths = (
			);
			runOnlyForDeploymentPostprocessing = 0;
			shellPath = /bin/sh;
			shellScript = "\"${SRCROOT}/Pods/Target Support Files/Pods-HRLApp/Pods-HRLApp-frameworks.sh\"\n";
			showEnvVarsInLog = 0;
		};
		E6C9354BC72E7A8EE1A39598 /* [CP] Embed Pods Frameworks */ = {
			isa = PBXShellScriptBuildPhase;
			buildActionMask = 2147483647;
			files = (
			);
			inputPaths = (
			);
			name = "[CP] Embed Pods Frameworks";
			outputPaths = (
			);
			runOnlyForDeploymentPostprocessing = 0;
			shellPath = /bin/sh;
			shellScript = "\"${SRCROOT}/Pods/Target Support Files/Pods-HRLAppTests/Pods-HRLAppTests-frameworks.sh\"\n";
			showEnvVarsInLog = 0;
		};
/* End PBXShellScriptBuildPhase section */

/* Begin PBXSourcesBuildPhase section */
		FF9ADDBC1E2BD534007F1187 /* Sources */ = {
			isa = PBXSourcesBuildPhase;
			buildActionMask = 2147483647;
			files = (
				FF9ADDC61E2BD535007F1187 /* ViewController.swift in Sources */,
				FF9ADDC41E2BD535007F1187 /* AppDelegate.swift in Sources */,
				D4A804E9DE4CA6F70B3EE600 /* ListWorkoutsViewInput.swift in Sources */,
				57F1B955F0E4F235D8689C88 /* ListWorkoutsViewOutput.swift in Sources */,
				8C1D9530ADB5D8E69562AA44 /* ListWorkoutsViewController.swift in Sources */,
				012CEFC7181AC96E537F94D6 /* ListWorkoutsModuleInput.swift in Sources */,
				447667A7BCD286D8AC62B656 /* ListWorkoutsPresenter.swift in Sources */,
				19264766F6270C84372C119D /* ListWorkoutsInteractorInput.swift in Sources */,
				0B8D6625C75D78F9AA3FABA1 /* ListWorkoutsInteractorOutput.swift in Sources */,
				16593AC0B342A02229F59883 /* ListWorkoutsInteractor.swift in Sources */,
				381ACD079EF09F797A08E187 /* ListWorkoutsRouterInput.swift in Sources */,
				760B56470909923350AE2981 /* ListWorkoutsRouter.swift in Sources */,
				9D17B91ED38CC2BD41EE396C /* ListWorkoutsConfigurator.swift in Sources */,
				ACFAC34686348218CC846B29 /* ListWorkoutsInitializer.swift in Sources */,
			);
			runOnlyForDeploymentPostprocessing = 0;
		};
		FF9ADDD01E2BD535007F1187 /* Sources */ = {
			isa = PBXSourcesBuildPhase;
			buildActionMask = 2147483647;
			files = (
				9B4A4A7AA14C75C146A39E24 /* ListWorkoutsConfiguratorTests.swift in Sources */,
				4F9D0775D01F45AB46C7E698 /* ListWorkoutsViewTests.swift in Sources */,
				4A3AE65F820FEEDE328DA4D9 /* ListWorkoutsInteractorTests.swift in Sources */,
				E0A71D7AFEC37CDBDF9CA856 /* ListWorkoutsPresenterTests.swift in Sources */,
				41289722AE30C4F4D0E2C98B /* ListWorkoutsRouterTests.swift in Sources */,
			);
			runOnlyForDeploymentPostprocessing = 0;
		};
/* End PBXSourcesBuildPhase section */

/* Begin PBXTargetDependency section */
		FF9ADDD61E2BD535007F1187 /* PBXTargetDependency */ = {
			isa = PBXTargetDependency;
			target = FF9ADDBF1E2BD534007F1187 /* HRLApp */;
			targetProxy = FF9ADDD51E2BD535007F1187 /* PBXContainerItemProxy */;
		};
/* End PBXTargetDependency section */

/* Begin PBXVariantGroup section */
		FF9ADDC71E2BD535007F1187 /* Main.storyboard */ = {
			isa = PBXVariantGroup;
			children = (
				FF9ADDC81E2BD535007F1187 /* Base */,
			);
			name = Main.storyboard;
			sourceTree = "<group>";
		};
		FF9ADDCC1E2BD535007F1187 /* LaunchScreen.storyboard */ = {
			isa = PBXVariantGroup;
			children = (
				FF9ADDCD1E2BD535007F1187 /* Base */,
			);
			name = LaunchScreen.storyboard;
			sourceTree = "<group>";
		};
/* End PBXVariantGroup section */

/* Begin XCBuildConfiguration section */
		FF9ADDDB1E2BD535007F1187 /* Debug */ = {
			isa = XCBuildConfiguration;
			buildSettings = {
				ALWAYS_SEARCH_USER_PATHS = NO;
				CLANG_ANALYZER_NONNULL = YES;
				CLANG_CXX_LANGUAGE_STANDARD = "gnu++0x";
				CLANG_CXX_LIBRARY = "libc++";
				CLANG_ENABLE_MODULES = YES;
				CLANG_ENABLE_OBJC_ARC = YES;
				CLANG_WARN_BOOL_CONVERSION = YES;
				CLANG_WARN_CONSTANT_CONVERSION = YES;
				CLANG_WARN_DIRECT_OBJC_ISA_USAGE = YES_ERROR;
				CLANG_WARN_DOCUMENTATION_COMMENTS = YES;
				CLANG_WARN_EMPTY_BODY = YES;
				CLANG_WARN_ENUM_CONVERSION = YES;
				CLANG_WARN_INFINITE_RECURSION = YES;
				CLANG_WARN_INT_CONVERSION = YES;
				CLANG_WARN_OBJC_ROOT_CLASS = YES_ERROR;
				CLANG_WARN_SUSPICIOUS_MOVE = YES;
				CLANG_WARN_UNREACHABLE_CODE = YES;
				CLANG_WARN__DUPLICATE_METHOD_MATCH = YES;
				"CODE_SIGN_IDENTITY[sdk=iphoneos*]" = "iPhone Developer";
				COPY_PHASE_STRIP = NO;
				DEBUG_INFORMATION_FORMAT = dwarf;
				ENABLE_STRICT_OBJC_MSGSEND = YES;
				ENABLE_TESTABILITY = YES;
				GCC_C_LANGUAGE_STANDARD = gnu99;
				GCC_DYNAMIC_NO_PIC = NO;
				GCC_NO_COMMON_BLOCKS = YES;
				GCC_OPTIMIZATION_LEVEL = 0;
				GCC_PREPROCESSOR_DEFINITIONS = (
					"DEBUG=1",
					"$(inherited)",
				);
				GCC_WARN_64_TO_32_BIT_CONVERSION = YES;
				GCC_WARN_ABOUT_RETURN_TYPE = YES_ERROR;
				GCC_WARN_UNDECLARED_SELECTOR = YES;
				GCC_WARN_UNINITIALIZED_AUTOS = YES_AGGRESSIVE;
				GCC_WARN_UNUSED_FUNCTION = YES;
				GCC_WARN_UNUSED_VARIABLE = YES;
				IPHONEOS_DEPLOYMENT_TARGET = 9.0;
				MTL_ENABLE_DEBUG_INFO = YES;
				ONLY_ACTIVE_ARCH = YES;
				SDKROOT = iphoneos;
				SWIFT_ACTIVE_COMPILATION_CONDITIONS = DEBUG;
				SWIFT_OPTIMIZATION_LEVEL = "-Onone";
			};
			name = Debug;
		};
		FF9ADDDC1E2BD535007F1187 /* Release */ = {
			isa = XCBuildConfiguration;
			buildSettings = {
				ALWAYS_SEARCH_USER_PATHS = NO;
				CLANG_ANALYZER_NONNULL = YES;
				CLANG_CXX_LANGUAGE_STANDARD = "gnu++0x";
				CLANG_CXX_LIBRARY = "libc++";
				CLANG_ENABLE_MODULES = YES;
				CLANG_ENABLE_OBJC_ARC = YES;
				CLANG_WARN_BOOL_CONVERSION = YES;
				CLANG_WARN_CONSTANT_CONVERSION = YES;
				CLANG_WARN_DIRECT_OBJC_ISA_USAGE = YES_ERROR;
				CLANG_WARN_DOCUMENTATION_COMMENTS = YES;
				CLANG_WARN_EMPTY_BODY = YES;
				CLANG_WARN_ENUM_CONVERSION = YES;
				CLANG_WARN_INFINITE_RECURSION = YES;
				CLANG_WARN_INT_CONVERSION = YES;
				CLANG_WARN_OBJC_ROOT_CLASS = YES_ERROR;
				CLANG_WARN_SUSPICIOUS_MOVE = YES;
				CLANG_WARN_UNREACHABLE_CODE = YES;
				CLANG_WARN__DUPLICATE_METHOD_MATCH = YES;
				"CODE_SIGN_IDENTITY[sdk=iphoneos*]" = "iPhone Developer";
				COPY_PHASE_STRIP = NO;
				DEBUG_INFORMATION_FORMAT = "dwarf-with-dsym";
				ENABLE_NS_ASSERTIONS = NO;
				ENABLE_STRICT_OBJC_MSGSEND = YES;
				GCC_C_LANGUAGE_STANDARD = gnu99;
				GCC_NO_COMMON_BLOCKS = YES;
				GCC_WARN_64_TO_32_BIT_CONVERSION = YES;
				GCC_WARN_ABOUT_RETURN_TYPE = YES_ERROR;
				GCC_WARN_UNDECLARED_SELECTOR = YES;
				GCC_WARN_UNINITIALIZED_AUTOS = YES_AGGRESSIVE;
				GCC_WARN_UNUSED_FUNCTION = YES;
				GCC_WARN_UNUSED_VARIABLE = YES;
				IPHONEOS_DEPLOYMENT_TARGET = 9.0;
				MTL_ENABLE_DEBUG_INFO = NO;
				SDKROOT = iphoneos;
				SWIFT_OPTIMIZATION_LEVEL = "-Owholemodule";
				VALIDATE_PRODUCT = YES;
			};
			name = Release;
		};
		FF9ADDDE1E2BD535007F1187 /* Debug */ = {
			isa = XCBuildConfiguration;
			baseConfigurationReference = DBB035AD3807CFA509ADE459 /* Pods-HRLApp.debug.xcconfig */;
			buildSettings = {
				ASSETCATALOG_COMPILER_APPICON_NAME = AppIcon;
				INFOPLIST_FILE = HRLApp/Info.plist;
				LD_RUNPATH_SEARCH_PATHS = "$(inherited) @executable_path/Frameworks";
				PRODUCT_BUNDLE_IDENTIFIER = com.indisoluble.HRLApp;
				PRODUCT_NAME = "$(TARGET_NAME)";
				SWIFT_VERSION = 3.0;
			};
			name = Debug;
		};
		FF9ADDDF1E2BD535007F1187 /* Release */ = {
			isa = XCBuildConfiguration;
			baseConfigurationReference = A52A3518DBBD784E21CECA22 /* Pods-HRLApp.release.xcconfig */;
			buildSettings = {
				ASSETCATALOG_COMPILER_APPICON_NAME = AppIcon;
				INFOPLIST_FILE = HRLApp/Info.plist;
				LD_RUNPATH_SEARCH_PATHS = "$(inherited) @executable_path/Frameworks";
				PRODUCT_BUNDLE_IDENTIFIER = com.indisoluble.HRLApp;
				PRODUCT_NAME = "$(TARGET_NAME)";
				SWIFT_VERSION = 3.0;
			};
			name = Release;
		};
		FF9ADDE11E2BD535007F1187 /* Debug */ = {
			isa = XCBuildConfiguration;
			baseConfigurationReference = 97217BD64C91A9A4A807447F /* Pods-HRLAppTests.debug.xcconfig */;
			buildSettings = {
				ALWAYS_EMBED_SWIFT_STANDARD_LIBRARIES = "$(inherited)";
				BUNDLE_LOADER = "$(TEST_HOST)";
				INFOPLIST_FILE = HRLAppTests/Info.plist;
				LD_RUNPATH_SEARCH_PATHS = "$(inherited) @executable_path/Frameworks @loader_path/Frameworks";
				PRODUCT_BUNDLE_IDENTIFIER = com.indisoluble.HRLAppTests;
				PRODUCT_NAME = "$(TARGET_NAME)";
				SWIFT_VERSION = 3.0;
				TEST_HOST = "$(BUILT_PRODUCTS_DIR)/HRLApp.app/HRLApp";
			};
			name = Debug;
		};
		FF9ADDE21E2BD535007F1187 /* Release */ = {
			isa = XCBuildConfiguration;
			baseConfigurationReference = 9B2C2201815C32E0F716AD5A /* Pods-HRLAppTests.release.xcconfig */;
			buildSettings = {
				ALWAYS_EMBED_SWIFT_STANDARD_LIBRARIES = "$(inherited)";
				BUNDLE_LOADER = "$(TEST_HOST)";
				INFOPLIST_FILE = HRLAppTests/Info.plist;
				LD_RUNPATH_SEARCH_PATHS = "$(inherited) @executable_path/Frameworks @loader_path/Frameworks";
				PRODUCT_BUNDLE_IDENTIFIER = com.indisoluble.HRLAppTests;
				PRODUCT_NAME = "$(TARGET_NAME)";
				SWIFT_VERSION = 3.0;
				TEST_HOST = "$(BUILT_PRODUCTS_DIR)/HRLApp.app/HRLApp";
			};
			name = Release;
		};
/* End XCBuildConfiguration section */

/* Begin XCConfigurationList section */
		FF9ADDBB1E2BD534007F1187 /* Build configuration list for PBXProject "HRLApp" */ = {
			isa = XCConfigurationList;
			buildConfigurations = (
				FF9ADDDB1E2BD535007F1187 /* Debug */,
				FF9ADDDC1E2BD535007F1187 /* Release */,
			);
			defaultConfigurationIsVisible = 0;
			defaultConfigurationName = Release;
		};
		FF9ADDDD1E2BD535007F1187 /* Build configuration list for PBXNativeTarget "HRLApp" */ = {
			isa = XCConfigurationList;
			buildConfigurations = (
				FF9ADDDE1E2BD535007F1187 /* Debug */,
				FF9ADDDF1E2BD535007F1187 /* Release */,
			);
			defaultConfigurationIsVisible = 0;
			defaultConfigurationName = Release;
		};
		FF9ADDE01E2BD535007F1187 /* Build configuration list for PBXNativeTarget "HRLAppTests" */ = {
			isa = XCConfigurationList;
			buildConfigurations = (
				FF9ADDE11E2BD535007F1187 /* Debug */,
				FF9ADDE21E2BD535007F1187 /* Release */,
			);
			defaultConfigurationIsVisible = 0;
			defaultConfigurationName = Release;
		};
/* End XCConfigurationList section */
	};
	rootObject = FF9ADDB81E2BD534007F1187 /* Project object */;
}
